{
  "README.md:2964436115": [
    [138, 49, 1, "Style/TrailingCommaInArguments: Avoid comma after the last parameter of a method call.", 177545],
    [158, 40, 1, "Style/TrailingCommaInHashLiteral: Avoid comma after the last item of a hash.", 177545],
    [159, 4, 1, "Style/TrailingCommaInArguments: Avoid comma after the last parameter of a method call.", 177545],
    [172, 29, 1, "Style/TrailingCommaInArguments: Avoid comma after the last parameter of a method call.", 177545],
    [184, 49, 1, "Style/TrailingCommaInArguments: Avoid comma after the last parameter of a method call.", 177545],
    [197, 47, 1, "Style/TrailingCommaInArguments: Avoid comma after the last parameter of a method call.", 177545],
    [209, 49, 1, "Style/TrailingCommaInArguments: Avoid comma after the last parameter of a method call.", 177545],
    [215, 44, 1, "Style/TrailingCommaInArguments: Avoid comma after the last parameter of a method call.", 177545],
    [221, 40, 1, "Style/TrailingCommaInHashLiteral: Avoid comma after the last item of a hash.", 177545],
    [222, 4, 1, "Style/TrailingCommaInArguments: Avoid comma after the last parameter of a method call.", 177545],
    [229, 29, 1, "Style/TrailingCommaInArguments: Avoid comma after the last parameter of a method call.", 177545],
    [234, 26, 1, "Style/TrailingCommaInArguments: Avoid comma after the last parameter of a method call.", 177545],
    [252, 40, 1, "Style/TrailingCommaInArguments: Avoid comma after the last parameter of a method call.", 177545],
    [254, 44, 1, "Style/TrailingCommaInArguments: Avoid comma after the last parameter of a method call.", 177545],
    [264, 44, 1, "Style/TrailingCommaInArguments: Avoid comma after the last parameter of a method call.", 177545],
    [276, 37, 1, "Style/TrailingCommaInArguments: Avoid comma after the last parameter of a method call.", 177545]
  ],
  "lib/oauth2/mcp.rb:1491424953": [
    [42, 22, 1, "Style/TrailingCommaInArguments: Avoid comma after the last parameter of a method call.", 177545],
    [165, 25, 1, "Style/TrailingCommaInHashLiteral: Avoid comma after the last item of a hash.", 177545],
    [200, 25, 1, "Style/TrailingCommaInArguments: Avoid comma after the last parameter of a method call.", 177545],
    [258, 23, 1, "Style/TrailingCommaInHashLiteral: Avoid comma after the last item of a hash.", 177545],
    [297, 25, 1, "Style/TrailingCommaInArguments: Avoid comma after the last parameter of a method call.", 177545],
    [368, 33, 1, "Style/TrailingCommaInArguments: Avoid comma after the last parameter of a method call.", 177545],
    [458, 43, 1, "Style/TrailingCommaInArguments: Avoid comma after the last parameter of a method call.", 177545],
    [467, 43, 1, "Style/TrailingCommaInArguments: Avoid comma after the last parameter of a method call.", 177545],
    [476, 43, 1, "Style/TrailingCommaInArguments: Avoid comma after the last parameter of a method call.", 177545],
    [486, 117, 1, "Style/TrailingCommaInArguments: Avoid comma after the last parameter of a method call.", 177545],
    [495, 47, 1, "Style/TrailingCommaInArguments: Avoid comma after the last parameter of a method call.", 177545],
    [519, 45, 1, "Style/TrailingCommaInHashLiteral: Avoid comma after the last item of a hash.", 177545],
    [553, 47, 1, "Style/TrailingCommaInHashLiteral: Avoid comma after the last item of a hash.", 177545]
  ],
  "spec/oauth2/mcp_spec.rb:3160046716": [
    [3, 1, 26, "RSpec/MultipleDescribes: Do not use multiple top-level example groups - try to nest them.", 2274836666],
    [18, 53, 1, "Style/TrailingCommaInArguments: Avoid comma after the last parameter of a method call.", 177545],
    [24, 53, 1, "Style/TrailingCommaInArguments: Avoid comma after the last parameter of a method call.", 177545],
    [33, 60, 1, "Style/TrailingCommaInArguments: Avoid comma after the last parameter of a method call.", 177545],
    [42, 34, 1, "Style/TrailingCommaInArguments: Avoid comma after the last parameter of a method call.", 177545],
    [54, 65, 1, "Style/TrailingCommaInArguments: Avoid comma after the last parameter of a method call.", 177545],
    [60, 68, 1, "Style/TrailingCommaInArguments: Avoid comma after the last parameter of a method call.", 177545],
    [102, 47, 1, "Style/TrailingCommaInArguments: Avoid comma after the last parameter of a method call.", 177545],
    [122, 75, 1, "Style/TrailingCommaInHashLiteral: Avoid comma after the last item of a hash.", 177545],
    [123, 8, 1, "Style/TrailingCommaInArguments: Avoid comma after the last parameter of a method call.", 177545],
    [158, 32, 1, "Style/TrailingCommaInHashLiteral: Avoid comma after the last item of a hash.", 177545],
    [162, 19, 1, "Style/TrailingCommaInArguments: Avoid comma after the last parameter of a method call.", 177545],
    [168, 48, 1, "Style/TrailingCommaInArguments: Avoid comma after the last parameter of a method call.", 177545],
    [182, 32, 1, "Style/TrailingCommaInHashLiteral: Avoid comma after the last item of a hash.", 177545],
    [186, 19, 1, "Style/TrailingCommaInArguments: Avoid comma after the last parameter of a method call.", 177545],
    [192, 48, 1, "Style/TrailingCommaInArguments: Avoid comma after the last parameter of a method call.", 177545],
    [206, 19, 1, "Style/TrailingCommaInArguments: Avoid comma after the last parameter of a method call.", 177545],
    [210, 61, 1, "Style/TrailingCommaInArguments: Avoid comma after the last parameter of a method call.", 177545],
    [211, 8, 1, "Style/TrailingCommaInArguments: Avoid comma after the last parameter of a method call.", 177545],
    [217, 19, 1, "Style/TrailingCommaInArguments: Avoid comma after the last parameter of a method call.", 177545],
    [233, 19, 1, "Style/TrailingCommaInArguments: Avoid comma after the last parameter of a method call.", 177545],
    [235, 57, 1, "Style/TrailingCommaInArguments: Avoid comma after the last parameter of a method call.", 177545],
    [241, 19, 1, "Style/TrailingCommaInArguments: Avoid comma after the last parameter of a method call.", 177545],
    [255, 19, 1, "Style/TrailingCommaInArguments: Avoid comma after the last parameter of a method call.", 177545],
    [275, 42, 1, "Style/TrailingCommaInArguments: Avoid comma after the last parameter of a method call.", 177545],
    [282, 41, 1, "Style/TrailingCommaInArguments: Avoid comma after the last parameter of a method call.", 177545],
    [293, 73, 1, "Style/TrailingCommaInArguments: Avoid comma after the last parameter of a method call.", 177545],
    [302, 47, 1, "Style/TrailingCommaInArguments: Avoid comma after the last parameter of a method call.", 177545],
    [307, 48, 1, "Style/TrailingCommaInArguments: Avoid comma after the last parameter of a method call.", 177545],
    [316, 39, 1, "Style/TrailingCommaInArguments: Avoid comma after the last parameter of a method call.", 177545],
    [321, 41, 1, "Style/TrailingCommaInArguments: Avoid comma after the last parameter of a method call.", 177545],
    [330, 24, 1, "Style/TrailingCommaInArguments: Avoid comma after the last parameter of a method call.", 177545],
    [334, 73, 1, "Style/TrailingCommaInArguments: Avoid comma after the last parameter of a method call.", 177545],
    [344, 73, 1, "Style/TrailingCommaInArguments: Avoid comma after the last parameter of a method call.", 177545],
    [355, 49, 1, "Style/TrailingCommaInArguments: Avoid comma after the last parameter of a method call.", 177545],
    [380, 19, 1, "Style/TrailingCommaInArguments: Avoid comma after the last parameter of a method call.", 177545],
    [386, 21, 1, "Style/TrailingCommaInArguments: Avoid comma after the last parameter of a method call.", 177545],
    [400, 19, 1, "Style/TrailingCommaInArguments: Avoid comma after the last parameter of a method call.", 177545],
    [406, 21, 1, "Style/TrailingCommaInArguments: Avoid comma after the last parameter of a method call.", 177545],
    [417, 46, 1, "Style/TrailingCommaInArguments: Avoid comma after the last parameter of a method call.", 177545],
    [433, 19, 1, "Style/TrailingCommaInArguments: Avoid comma after the last parameter of a method call.", 177545],
    [439, 21, 1, "Style/TrailingCommaInArguments: Avoid comma after the last parameter of a method call.", 177545],
    [478, 21, 6, "RSpec/Extra/BeEmpty: Use `be_empty` matchers for checking an empty array.", 1172408214],
    [485, 83, 1, "Style/TrailingCommaInArguments: Avoid comma after the last parameter of a method call.", 177545],
    [493, 30, 1, "Style/TrailingCommaInArguments: Avoid comma after the last parameter of a method call.", 177545],
    [499, 62, 1, "Style/TrailingCommaInArguments: Avoid comma after the last parameter of a method call.", 177545],
    [511, 27, 1, "Style/TrailingCommaInArguments: Avoid comma after the last parameter of a method call.", 177545],
    [522, 53, 1, "Style/TrailingCommaInArguments: Avoid comma after the last parameter of a method call.", 177545],
    [530, 62, 1, "Style/TrailingCommaInArguments: Avoid comma after the last parameter of a method call.", 177545],
    [541, 95, 1, "Style/TrailingCommaInArguments: Avoid comma after the last parameter of a method call.", 177545],
    [546, 30, 1, "Style/TrailingCommaInArguments: Avoid comma after the last parameter of a method call.", 177545],
    [558, 97, 1, "Style/TrailingCommaInArguments: Avoid comma after the last parameter of a method call.", 177545],
    [567, 30, 1, "Style/TrailingCommaInArguments: Avoid comma after the last parameter of a method call.", 177545],
    [575, 97, 1, "Style/TrailingCommaInArguments: Avoid comma after the last parameter of a method call.", 177545],
    [580, 30, 1, "Style/TrailingCommaInArguments: Avoid comma after the last parameter of a method call.", 177545],
    [592, 97, 1, "Style/TrailingCommaInArguments: Avoid comma after the last parameter of a method call.", 177545],
    [597, 31, 1, "Style/TrailingCommaInArguments: Avoid comma after the last parameter of a method call.", 177545],
    [612, 38, 1, "Style/TrailingCommaInArguments: Avoid comma after the last parameter of a method call.", 177545],
    [613, 8, 1, "Style/TrailingCommaInArguments: Avoid comma after the last parameter of a method call.", 177545],
    [618, 30, 1, "Style/TrailingCommaInArguments: Avoid comma after the last parameter of a method call.", 177545],
    [630, 39, 1, "Style/TrailingCommaInArguments: Avoid comma after the last parameter of a method call.", 177545],
    [635, 30, 1, "Style/TrailingCommaInArguments: Avoid comma after the last parameter of a method call.", 177545],
    [639, 36, 6, "RSpec/Extra/BeEmpty: Use `be_empty` matchers for checking an empty array.", 1172408214],
    [648, 51, 1, "Style/TrailingCommaInHashLiteral: Avoid comma after the last item of a hash.", 177545],
    [655, 31, 1, "Style/TrailingCommaInArguments: Avoid comma after the last parameter of a method call.", 177545],
    [660, 30, 1, "Style/TrailingCommaInArguments: Avoid comma after the last parameter of a method call.", 177545],
    [671, 31, 1, "Style/TrailingCommaInArguments: Avoid comma after the last parameter of a method call.", 177545],
    [686, 31, 1, "Style/TrailingCommaInArguments: Avoid comma after the last parameter of a method call.", 177545]
  ]
}
